
Microsoft Visual Studio Solution File, Format Version 12.00
# Visual Studio Version 16
VisualStudioVersion = 16.0.28803.352
MinimumVisualStudioVersion = 10.0.40219.1
Project("{FAE04EC0-301F-11D3-BF4B-00C04F79EFBC}") = "ConsoleUI", "ConsoleUI\ConsoleUI.csproj", "{4E46AF04-E89E-4CC2-A77C-419F596D716D}"
EndProject
Global
	GlobalSection(SolutionConfigurationPlatforms) = preSolution
		Debug|Any CPU = Debug|Any CPU
		Release|Any CPU = Release|Any CPU
	EndGlobalSection
	GlobalSection(ProjectConfigurationPlatforms) = postSolution
		{4E46AF04-E89E-4CC2-A77C-419F596D716D}.Debug|Any CPU.ActiveCfg = Debug|Any CPU
		{4E46AF04-E89E-4CC2-A77C-419F596D716D}.Debug|Any CPU.Build.0 = Debug|Any CPU
		{4E46AF04-E89E-4CC2-A77C-419F596D716D}.Release|Any CPU.ActiveCfg = Release|Any CPU
		{4E46AF04-E89E-4CC2-A77C-419F596D716D}.Release|Any CPU.Build.0 = Release|Any CPU
	EndGlobalSection
	GlobalSection(SolutionProperties) = preSolution
		HideSolutionNode = FALSE
	EndGlobalSection
	GlobalSection(ExtensibilityGlobals) = postSolution
		SolutionGuid = {D64022C8-B043-490C-81D0-A89D142B49B1}
	EndGlobalSection
EndGlobal
