
Microsoft Visual Studio Solution File, Format Version 12.00
# Visual Studio Version 16
VisualStudioVersion = 16.0.29306.81
MinimumVisualStudioVersion = 10.0.40219.1
Project("{FAE04EC0-301F-11D3-BF4B-00C04F79EFBC}") = "ConsoleUI", "ConsoleUI\ConsoleUI.csproj", "{AA9EE475-C29C-430C-AB04-1A52BEA9F711}"
EndProject
Project("{FAE04EC0-301F-11D3-BF4B-00C04F79EFBC}") = "RandomNumberLibrary", "RandomNumberLibrary\RandomNumberLibrary.csproj", "{865BD527-05F8-4FDA-B86F-07DA376D684E}"
EndProject
Global
	GlobalSection(SolutionConfigurationPlatforms) = preSolution
		Debug|Any CPU = Debug|Any CPU
		Release|Any CPU = Release|Any CPU
	EndGlobalSection
	GlobalSection(ProjectConfigurationPlatforms) = postSolution
		{AA9EE475-C29C-430C-AB04-1A52BEA9F711}.Debug|Any CPU.ActiveCfg = Debug|Any CPU
		{AA9EE475-C29C-430C-AB04-1A52BEA9F711}.Debug|Any CPU.Build.0 = Debug|Any CPU
		{AA9EE475-C29C-430C-AB04-1A52BEA9F711}.Release|Any CPU.ActiveCfg = Release|Any CPU
		{AA9EE475-C29C-430C-AB04-1A52BEA9F711}.Release|Any CPU.Build.0 = Release|Any CPU
		{865BD527-05F8-4FDA-B86F-07DA376D684E}.Debug|Any CPU.ActiveCfg = Debug|Any CPU
		{865BD527-05F8-4FDA-B86F-07DA376D684E}.Debug|Any CPU.Build.0 = Debug|Any CPU
		{865BD527-05F8-4FDA-B86F-07DA376D684E}.Release|Any CPU.ActiveCfg = Release|Any CPU
		{865BD527-05F8-4FDA-B86F-07DA376D684E}.Release|Any CPU.Build.0 = Release|Any CPU
	EndGlobalSection
	GlobalSection(SolutionProperties) = preSolution
		HideSolutionNode = FALSE
	EndGlobalSection
	GlobalSection(ExtensibilityGlobals) = postSolution
		SolutionGuid = {B1E90935-B03D-46E1-8A95-33267D9C772B}
	EndGlobalSection
EndGlobal
