
Microsoft Visual Studio Solution File, Format Version 12.00
# Visual Studio Version 16
VisualStudioVersion = 16.0.29306.81
MinimumVisualStudioVersion = 10.0.40219.1
Project("{FAE04EC0-301F-11D3-BF4B-00C04F79EFBC}") = "ConsoleUI", "ConsoleUI\ConsoleUI.csproj", "{36E27617-2724-4F16-8EAF-1EA37C57A360}"
EndProject
Project("{FAE04EC0-301F-11D3-BF4B-00C04F79EFBC}") = "RandomNumberLibrary", "RandomNumberLibrary\RandomNumberLibrary.csproj", "{2E4D0FF6-05D9-43D2-9549-7563764DA01F}"
EndProject
Global
	GlobalSection(SolutionConfigurationPlatforms) = preSolution
		Debug|Any CPU = Debug|Any CPU
		Release|Any CPU = Release|Any CPU
	EndGlobalSection
	GlobalSection(ProjectConfigurationPlatforms) = postSolution
		{36E27617-2724-4F16-8EAF-1EA37C57A360}.Debug|Any CPU.ActiveCfg = Debug|Any CPU
		{36E27617-2724-4F16-8EAF-1EA37C57A360}.Debug|Any CPU.Build.0 = Debug|Any CPU
		{36E27617-2724-4F16-8EAF-1EA37C57A360}.Release|Any CPU.ActiveCfg = Release|Any CPU
		{36E27617-2724-4F16-8EAF-1EA37C57A360}.Release|Any CPU.Build.0 = Release|Any CPU
		{2E4D0FF6-05D9-43D2-9549-7563764DA01F}.Debug|Any CPU.ActiveCfg = Debug|Any CPU
		{2E4D0FF6-05D9-43D2-9549-7563764DA01F}.Debug|Any CPU.Build.0 = Debug|Any CPU
		{2E4D0FF6-05D9-43D2-9549-7563764DA01F}.Release|Any CPU.ActiveCfg = Release|Any CPU
		{2E4D0FF6-05D9-43D2-9549-7563764DA01F}.Release|Any CPU.Build.0 = Release|Any CPU
	EndGlobalSection
	GlobalSection(SolutionProperties) = preSolution
		HideSolutionNode = FALSE
	EndGlobalSection
	GlobalSection(ExtensibilityGlobals) = postSolution
		SolutionGuid = {C154541E-144C-42AB-86D3-19DDB4BBBB64}
	EndGlobalSection
EndGlobal
