
Microsoft Visual Studio Solution File, Format Version 12.00
# Visual Studio Version 16
VisualStudioVersion = 16.0.29306.81
MinimumVisualStudioVersion = 10.0.40219.1
Project("{FAE04EC0-301F-11D3-BF4B-00C04F79EFBC}") = "ConsoleUI", "ConsoleUI\ConsoleUI.csproj", "{3D9F4FEE-56EE-4C49-8B81-FBC0E08E95D8}"
EndProject
Project("{FAE04EC0-301F-11D3-BF4B-00C04F79EFBC}") = "PersonCreationLibrary", "PersonCreationLibrary\PersonCreationLibrary.csproj", "{ACE0FD8F-F328-40EC-B5DE-C4F756F4FCB9}"
EndProject
Global
	GlobalSection(SolutionConfigurationPlatforms) = preSolution
		Debug|Any CPU = Debug|Any CPU
		Release|Any CPU = Release|Any CPU
	EndGlobalSection
	GlobalSection(ProjectConfigurationPlatforms) = postSolution
		{3D9F4FEE-56EE-4C49-8B81-FBC0E08E95D8}.Debug|Any CPU.ActiveCfg = Debug|Any CPU
		{3D9F4FEE-56EE-4C49-8B81-FBC0E08E95D8}.Debug|Any CPU.Build.0 = Debug|Any CPU
		{3D9F4FEE-56EE-4C49-8B81-FBC0E08E95D8}.Release|Any CPU.ActiveCfg = Release|Any CPU
		{3D9F4FEE-56EE-4C49-8B81-FBC0E08E95D8}.Release|Any CPU.Build.0 = Release|Any CPU
		{ACE0FD8F-F328-40EC-B5DE-C4F756F4FCB9}.Debug|Any CPU.ActiveCfg = Debug|Any CPU
		{ACE0FD8F-F328-40EC-B5DE-C4F756F4FCB9}.Debug|Any CPU.Build.0 = Debug|Any CPU
		{ACE0FD8F-F328-40EC-B5DE-C4F756F4FCB9}.Release|Any CPU.ActiveCfg = Release|Any CPU
		{ACE0FD8F-F328-40EC-B5DE-C4F756F4FCB9}.Release|Any CPU.Build.0 = Release|Any CPU
	EndGlobalSection
	GlobalSection(SolutionProperties) = preSolution
		HideSolutionNode = FALSE
	EndGlobalSection
	GlobalSection(ExtensibilityGlobals) = postSolution
		SolutionGuid = {28E543E7-F8D6-4C4F-8638-6D63A435C45E}
	EndGlobalSection
EndGlobal
